
Microsoft Visual Studio Solution File, Format Version 12.00
# Visual Studio Version 17
VisualStudioVersion = 17.9.34607.119
MinimumVisualStudioVersion = 10.0.40219.1
Project("{FAE04EC0-301F-11D3-BF4B-00C04F79EFBC}") = "API CRUD", "API CRUD.csproj", "{4E2E656C-826E-4583-A906-FE18D588ADFA}"
EndProject
Global
	GlobalSection(SolutionConfigurationPlatforms) = preSolution
		Debug|Any CPU = Debug|Any CPU
		Release|Any CPU = Release|Any CPU
	EndGlobalSection
	GlobalSection(ProjectConfigurationPlatforms) = postSolution
		{4E2E656C-826E-4583-A906-FE18D588ADFA}.Debug|Any CPU.ActiveCfg = Debug|Any CPU
		{4E2E656C-826E-4583-A906-FE18D588ADFA}.Debug|Any CPU.Build.0 = Debug|Any CPU
		{4E2E656C-826E-4583-A906-FE18D588ADFA}.Release|Any CPU.ActiveCfg = Release|Any CPU
		{4E2E656C-826E-4583-A906-FE18D588ADFA}.Release|Any CPU.Build.0 = Release|Any CPU
	EndGlobalSection
	GlobalSection(SolutionProperties) = preSolution
		HideSolutionNode = FALSE
	EndGlobalSection
	GlobalSection(ExtensibilityGlobals) = postSolution
		SolutionGuid = {F9E3B2EF-60C9-4EB5-A6FF-CC150E9C9054}
	EndGlobalSection
EndGlobal
